
Microsoft Visual Studio Solution File, Format Version 12.00
# Visual Studio Version 16
VisualStudioVersion = 25.0.1706.2
MinimumVisualStudioVersion = 10.0.40219.1
Project("{FAE04EC0-301F-11D3-BF4B-00C04F79EFBC}") = "scarstacksolution", "scarstacksolution.csproj", "{53BB8647-0F31-4692-B1F9-5777AF7782AB}"
EndProject
Global
	GlobalSection(SolutionConfigurationPlatforms) = preSolution
		Debug|Any CPU = Debug|Any CPU
		Release|Any CPU = Release|Any CPU
	EndGlobalSection
	GlobalSection(ProjectConfigurationPlatforms) = postSolution
		{53BB8647-0F31-4692-B1F9-5777AF7782AB}.Debug|Any CPU.ActiveCfg = Debug|Any CPU
		{53BB8647-0F31-4692-B1F9-5777AF7782AB}.Debug|Any CPU.Build.0 = Debug|Any CPU
		{53BB8647-0F31-4692-B1F9-5777AF7782AB}.Release|Any CPU.ActiveCfg = Release|Any CPU
		{53BB8647-0F31-4692-B1F9-5777AF7782AB}.Release|Any CPU.Build.0 = Release|Any CPU
	EndGlobalSection
	GlobalSection(SolutionProperties) = preSolution
		HideSolutionNode = FALSE
	EndGlobalSection
	GlobalSection(ExtensibilityGlobals) = postSolution
		SolutionGuid = {76E3DC64-85A7-4FAC-B63D-729060338D9E}
	EndGlobalSection
EndGlobal
